lockfileVersion: '6.0'

settings:
  autoInstallPeers: true
  excludeLinksFromLockfile: false

dependencies:
  '@opentelemetry/api':
    specifier: ^1.8.0
    version: 1.8.0
  '@vercel/otel':
    specifier: ^1.6.0
    version: 1.6.0(@opentelemetry/api-logs@0.46.0)(@opentelemetry/api@1.8.0)(@opentelemetry/instrumentation@0.46.0)(@opentelemetry/resources@1.22.0)(@opentelemetry/sdk-logs@0.46.0)(@opentelemetry/sdk-metrics@1.22.0)(@opentelemetry/sdk-trace-base@1.22.0)
  next:
    specifier: canary
    version: 14.2.0-canary.31(@opentelemetry/api@1.8.0)(react-dom@18.2.0)(react@18.2.0)
  react:
    specifier: ^18.2.0
    version: 18.2.0
  react-dom:
    specifier: ^18.2.0
    version: 18.2.0(react@18.2.0)

devDependencies:
  '@types/node':
    specifier: 20.4.5
    version: 20.4.5
  '@types/react':
    specifier: 18.2.18
    version: 18.2.18
  typescript:
    specifier: 5.1.3
    version: 5.1.3

packages:

  /@next/env@14.2.0-canary.31:
    resolution: {integrity: sha512-xdUjSv8c5e1QPiB010TcyW1zPL3bK7FySHQDu6NjzZuUkYwm8W9c9NGIdJLB2UQv0rfpaFBKfWNlGbakicrE+g==}
    dev: false

  /@next/swc-darwin-arm64@14.2.0-canary.31:
    resolution: {integrity: sha512-9NRPNOWxY/ecv1hxZej9nVvggIemdCqkwlgmkVv+M2TkAJzff5bwY4IzTuyPxQmioxHs43gPyKh/wpVsH4cuog==}
    engines: {node: '>= 10'}
    cpu: [arm64]
    os: [darwin]
    requiresBuild: true
    dev: false
    optional: true

  /@next/swc-darwin-x64@14.2.0-canary.31:
    resolution: {integrity: sha512-8xbOircQJzJx39GZ4iNd/6PIyOI/qZ8TpjJ9qzA1FpVZUDAMXZIDnQIHIsnxvn0HkP85PByw3tcKZLLKcw5k4g==}
    engines: {node: '>= 10'}
    cpu: [x64]
    os: [darwin]
    requiresBuild: true
    dev: false
    optional: true

  /@next/swc-linux-arm64-gnu@14.2.0-canary.31:
    resolution: {integrity: sha512-zpA19+op2KxnIutpoZbvQiplmoJHsUUPIhynC+PpZtSqA1IWBZoem+T4IhnmHr+F0DQZRqO9lmZZkHdEpRAzbQ==}
    engines: {node: '>= 10'}
    cpu: [arm64]
    os: [linux]
    requiresBuild: true
    dev: false
    optional: true

  /@next/swc-linux-arm64-musl@14.2.0-canary.31:
    resolution: {integrity: sha512-cZ1GuBi6YOHdEw8/lhuxZsObJVpry7irgf1PCsOLigpIqCAyMhbAcQ32FkTA3N5MKWpOkrmS9xQ2B6K1ZaQzCg==}
    engines: {node: '>= 10'}
    cpu: [arm64]
    os: [linux]
    requiresBuild: true
    dev: false
    optional: true

  /@next/swc-linux-x64-gnu@14.2.0-canary.31:
    resolution: {integrity: sha512-YxWC/fipzs/3cTeGcsSSU3GXEAJ16TI3yo4jgwofWko2jSF2/kpCOZSnRYbqX3eNyBCD4K9/g/9v6rAx2zHiew==}
    engines: {node: '>= 10'}
    cpu: [x64]
    os: [linux]
    requiresBuild: true
    dev: false
    optional: true

  /@next/swc-linux-x64-musl@14.2.0-canary.31:
    resolution: {integrity: sha512-CoZVZyx08myeDXmoSEuk+eXrwMYenevXP03Rz/+6+BT6zOrq+1s1rFKUZVd6/3AnD9Q7vNCuTGtaL5jaF5koGw==}
    engines: {node: '>= 10'}
    cpu: [x64]
    os: [linux]
    requiresBuild: true
    dev: false
    optional: true

  /@next/swc-win32-arm64-msvc@14.2.0-canary.31:
    resolution: {integrity: sha512-m1nuZmu8DOJKJvVrrz7KxMH1K3IU1UC7av1jD55cFf3ZM5ur06Mx2PvtbKSnSLCjK7Ga8LHMYXBXQWAbkD6Bcg==}
    engines: {node: '>= 10'}
    cpu: [arm64]
    os: [win32]
    requiresBuild: true
    dev: false
    optional: true

  /@next/swc-win32-ia32-msvc@14.2.0-canary.31:
    resolution: {integrity: sha512-OFmjN8wK6eSViHUqsh7VLzI8H8d3G6esjn3zOHoSirg821MJLyWVGAXMBjykDz4kTP6VmGdCkohBP6nf/uy94Q==}
    engines: {node: '>= 10'}
    cpu: [ia32]
    os: [win32]
    requiresBuild: true
    dev: false
    optional: true

  /@next/swc-win32-x64-msvc@14.2.0-canary.31:
    resolution: {integrity: sha512-Dv+FC2zYh8aEKsFUpq6815grRS0dcRw9uJ9hxULAZ9EuFcw0iu5zKbEPWZ+klxDrAWA8bw7WYMZfkvEH7bSLOA==}
    engines: {node: '>= 10'}
    cpu: [x64]
    os: [win32]
    requiresBuild: true
    dev: false
    optional: true

  /@opentelemetry/api-logs@0.46.0:
    resolution: {integrity: sha512-+9BcqfiEDGPXEIo+o3tso/aqGM5dGbGwAkGVp3FPpZ8GlkK1YlaKRd9gMVyPaeRATwvO5wYGGnCsAc/sMMM9Qw==}
    engines: {node: '>=14'}
    dependencies:
      '@opentelemetry/api': 1.8.0
    dev: false

  /@opentelemetry/api@1.8.0:
    resolution: {integrity: sha512-I/s6F7yKUDdtMsoBWXJe8Qz40Tui5vsuKCWJEWVL+5q9sSWRzzx6v2KeNsOBEwd94j0eWkpWCH4yB6rZg9Mf0w==}
    engines: {node: '>=8.0.0'}
    dev: false

  /@opentelemetry/core@1.19.0(@opentelemetry/api@1.8.0):
    resolution: {integrity: sha512-w42AukJh3TP8R0IZZOVJVM/kMWu8g+lm4LzT70WtuKqhwq7KVhcDzZZuZinWZa6TtQCl7Smt2wolEYzpHabOgw==}
    engines: {node: '>=14'}
    peerDependencies:
      '@opentelemetry/api': '>=1.0.0 <1.8.0'
    dependencies:
      '@opentelemetry/api': 1.8.0
      '@opentelemetry/semantic-conventions': 1.19.0
    dev: false

  /@opentelemetry/core@1.22.0(@opentelemetry/api@1.8.0):
    resolution: {integrity: sha512-0VoAlT6x+Xzik1v9goJ3pZ2ppi6+xd3aUfg4brfrLkDBHRIVjMP0eBHrKrhB+NKcDyMAg8fAbGL3Npg/F6AwWA==}
    engines: {node: '>=14'}
    peerDependencies:
      '@opentelemetry/api': '>=1.0.0 <1.9.0'
    dependencies:
      '@opentelemetry/api': 1.8.0
      '@opentelemetry/semantic-conventions': 1.22.0
    dev: false

  /@opentelemetry/instrumentation@0.46.0(@opentelemetry/api@1.8.0):
    resolution: {integrity: sha512-a9TijXZZbk0vI5TGLZl+0kxyFfrXHhX6Svtz7Pp2/VBlCSKrazuULEyoJQrOknJyFWNMEmbbJgOciHCCpQcisw==}
    engines: {node: '>=14'}
    peerDependencies:
      '@opentelemetry/api': ^1.3.0
    dependencies:
      '@opentelemetry/api': 1.8.0
      '@types/shimmer': 1.0.5
      import-in-the-middle: 1.7.1
      require-in-the-middle: 7.2.1
      semver: 7.6.0
      shimmer: 1.2.1
    transitivePeerDependencies:
      - supports-color
    dev: false

  /@opentelemetry/resources@1.19.0(@opentelemetry/api@1.8.0):
    resolution: {integrity: sha512-RgxvKuuMOf7nctOeOvpDjt2BpZvZGr9Y0vf7eGtY5XYZPkh2p7e2qub1S2IArdBMf9kEbz0SfycqCviOu9isqg==}
    engines: {node: '>=14'}
    peerDependencies:
      '@opentelemetry/api': '>=1.0.0 <1.8.0'
    dependencies:
      '@opentelemetry/api': 1.8.0
      '@opentelemetry/core': 1.19.0(@opentelemetry/api@1.8.0)
      '@opentelemetry/semantic-conventions': 1.19.0
    dev: false

  /@opentelemetry/resources@1.22.0(@opentelemetry/api@1.8.0):
    resolution: {integrity: sha512-+vNeIFPH2hfcNL0AJk/ykJXoUCtR1YaDUZM+p3wZNU4Hq98gzq+7b43xbkXjadD9VhWIUQqEwXyY64q6msPj6A==}
    engines: {node: '>=14'}
    peerDependencies:
      '@opentelemetry/api': '>=1.0.0 <1.9.0'
    dependencies:
      '@opentelemetry/api': 1.8.0
      '@opentelemetry/core': 1.22.0(@opentelemetry/api@1.8.0)
      '@opentelemetry/semantic-conventions': 1.22.0
    dev: false

  /@opentelemetry/sdk-logs@0.46.0(@opentelemetry/api-logs@0.46.0)(@opentelemetry/api@1.8.0):
    resolution: {integrity: sha512-Knlyk4+G72uEzNh6GRN1Fhmrj+/rkATI5/lOrevN7zRDLgp4kfyZBGGoWk7w+qQjlYvwhIIdPVxlIcipivdZIg==}
    engines: {node: '>=14'}
    peerDependencies:
      '@opentelemetry/api': '>=1.4.0 <1.8.0'
      '@opentelemetry/api-logs': '>=0.39.1'
    dependencies:
      '@opentelemetry/api': 1.8.0
      '@opentelemetry/api-logs': 0.46.0
      '@opentelemetry/core': 1.19.0(@opentelemetry/api@1.8.0)
      '@opentelemetry/resources': 1.19.0(@opentelemetry/api@1.8.0)
    dev: false

  /@opentelemetry/sdk-metrics@1.22.0(@opentelemetry/api@1.8.0):
    resolution: {integrity: sha512-k6iIx6H3TZ+BVMr2z8M16ri2OxWaljg5h8ihGJxi/KQWcjign6FEaEzuigXt5bK9wVEhqAcWLCfarSftaNWkkg==}
    engines: {node: '>=14'}
    peerDependencies:
      '@opentelemetry/api': '>=1.3.0 <1.9.0'
    dependencies:
      '@opentelemetry/api': 1.8.0
      '@opentelemetry/core': 1.22.0(@opentelemetry/api@1.8.0)
      '@opentelemetry/resources': 1.22.0(@opentelemetry/api@1.8.0)
      lodash.merge: 4.6.2
    dev: false

  /@opentelemetry/sdk-trace-base@1.22.0(@opentelemetry/api@1.8.0):
    resolution: {integrity: sha512-pfTuSIpCKONC6vkTpv6VmACxD+P1woZf4q0K46nSUvXFvOFqjBYKFaAMkKD3M1mlKUUh0Oajwj35qNjMl80m1Q==}
    engines: {node: '>=14'}
    peerDependencies:
      '@opentelemetry/api': '>=1.0.0 <1.9.0'
    dependencies:
      '@opentelemetry/api': 1.8.0
      '@opentelemetry/core': 1.22.0(@opentelemetry/api@1.8.0)
      '@opentelemetry/resources': 1.22.0(@opentelemetry/api@1.8.0)
      '@opentelemetry/semantic-conventions': 1.22.0
    dev: false

  /@opentelemetry/semantic-conventions@1.19.0:
    resolution: {integrity: sha512-14jRpC8f5c0gPSwoZ7SbEJni1PqI+AhAE8m1bMz6v+RPM4OlP1PT2UHBJj5Qh/ALLPjhVU/aZUK3YyjTUqqQVg==}
    engines: {node: '>=14'}
    dev: false

  /@opentelemetry/semantic-conventions@1.22.0:
    resolution: {integrity: sha512-CAOgFOKLybd02uj/GhCdEeeBjOS0yeoDeo/CA7ASBSmenpZHAKGB3iDm/rv3BQLcabb/OprDEsSQ1y0P8A7Siw==}
    engines: {node: '>=14'}
    dev: false

  /@swc/counter@0.1.3:
    resolution: {integrity: sha512-e2BR4lsJkkRlKZ/qCHPw9ZaSxc0MVUd7gtbtaB7aMvHeJVYe8sOB8DBZkP2DtISHGSku9sCK6T6cnY0CtXrOCQ==}
    dev: false

  /@swc/helpers@0.5.5:
    resolution: {integrity: sha512-KGYxvIOXcceOAbEk4bi/dVLEK9z8sZ0uBB3Il5b1rhfClSpcX0yfRO0KmTkqR2cnQDymwLB+25ZyMzICg/cm/A==}
    dependencies:
      '@swc/counter': 0.1.3
      tslib: 2.6.2
    dev: false

  /@types/node@20.4.5:
    resolution: {integrity: sha512-rt40Nk13II9JwQBdeYqmbn2Q6IVTA5uPhvSO+JVqdXw/6/4glI6oR9ezty/A9Hg5u7JH4OmYmuQ+XvjKm0Datg==}
    dev: true

  /@types/prop-types@15.7.11:
    resolution: {integrity: sha512-ga8y9v9uyeiLdpKddhxYQkxNDrfvuPrlFb0N1qnZZByvcElJaXthF1UhvCh9TLWJBEHeNtdnbysW7Y6Uq8CVng==}
    dev: true

  /@types/react@18.2.18:
    resolution: {integrity: sha512-da4NTSeBv/P34xoZPhtcLkmZuJ+oYaCxHmyHzwaDQo9RQPBeXV+06gEk2FpqEcsX9XrnNLvRpVh6bdavDSjtiQ==}
    dependencies:
      '@types/prop-types': 15.7.11
      '@types/scheduler': 0.16.8
      csstype: 3.1.3
    dev: true

  /@types/scheduler@0.16.8:
    resolution: {integrity: sha512-WZLiwShhwLRmeV6zH+GkbOFT6Z6VklCItrDioxUnv+u4Ll+8vKeFySoFyK/0ctcRpOmwAicELfmys1sDc/Rw+A==}
    dev: true

  /@types/shimmer@1.0.5:
    resolution: {integrity: sha512-9Hp0ObzwwO57DpLFF0InUjUm/II8GmKAvzbefxQTihCb7KI6yc9yzf0nLc4mVdby5N4DRCgQM2wCup9KTieeww==}
    dev: false

  /@vercel/otel@1.6.0(@opentelemetry/api-logs@0.46.0)(@opentelemetry/api@1.8.0)(@opentelemetry/instrumentation@0.46.0)(@opentelemetry/resources@1.22.0)(@opentelemetry/sdk-logs@0.46.0)(@opentelemetry/sdk-metrics@1.22.0)(@opentelemetry/sdk-trace-base@1.22.0):
    resolution: {integrity: sha512-BsckjEJhEc8qzMRI5f6f/FAPSmNjsaHYjHaBFxOc9BVIwGYhksVL5Z493vZlWpoms9z/4f45ix5QS7sBx75GcA==}
    engines: {node: '>=18'}
    peerDependencies:
      '@opentelemetry/api': ^1.7.0
      '@opentelemetry/api-logs': ^0.46.0
      '@opentelemetry/instrumentation': ^0.46.0
      '@opentelemetry/resources': ^1.19.0
      '@opentelemetry/sdk-logs': ^0.46.0
      '@opentelemetry/sdk-metrics': ^1.19.0
      '@opentelemetry/sdk-trace-base': ^1.19.0
    dependencies:
      '@opentelemetry/api': 1.8.0
      '@opentelemetry/api-logs': 0.46.0
      '@opentelemetry/instrumentation': 0.46.0(@opentelemetry/api@1.8.0)
      '@opentelemetry/resources': 1.22.0(@opentelemetry/api@1.8.0)
      '@opentelemetry/sdk-logs': 0.46.0(@opentelemetry/api-logs@0.46.0)(@opentelemetry/api@1.8.0)
      '@opentelemetry/sdk-metrics': 1.22.0(@opentelemetry/api@1.8.0)
      '@opentelemetry/sdk-trace-base': 1.22.0(@opentelemetry/api@1.8.0)
    dev: false

  /acorn-import-assertions@1.9.0(acorn@8.11.3):
    resolution: {integrity: sha512-cmMwop9x+8KFhxvKrKfPYmN6/pKTYYHBqLa0DfvVZcKMJWNyWLnaqND7dx/qn66R7ewM1UX5XMaDVP5wlVTaVA==}
    peerDependencies:
      acorn: ^8
    dependencies:
      acorn: 8.11.3
    dev: false

  /acorn@8.11.3:
    resolution: {integrity: sha512-Y9rRfJG5jcKOE0CLisYbojUjIrIEE7AGMzA/Sm4BslANhbS+cDMpgBdcPT91oJ7OuJ9hYJBx59RjbhxVnrF8Xg==}
    engines: {node: '>=0.4.0'}
    hasBin: true
    dev: false

  /busboy@1.6.0:
    resolution: {integrity: sha512-8SFQbg/0hQ9xy3UNTB0YEnsNBbWfhf7RtnzpL7TkBiTBRfrQ9Fxcnz7VJsleJpyp6rVLvXiuORqjlHi5q+PYuA==}
    engines: {node: '>=10.16.0'}
    dependencies:
      streamsearch: 1.1.0
    dev: false

  /caniuse-lite@1.0.30001599:
    resolution: {integrity: sha512-LRAQHZ4yT1+f9LemSMeqdMpMxZcc4RMWdj4tiFe3G8tNkWK+E58g+/tzotb5cU6TbcVJLr4fySiAW7XmxQvZQA==}
    dev: false

  /cjs-module-lexer@1.2.3:
    resolution: {integrity: sha512-0TNiGstbQmCFwt4akjjBg5pLRTSyj/PkWQ1ZoO2zntmg9yLqSRxwEa4iCfQLGjqhiqBfOJa7W/E8wfGrTDmlZQ==}
    dev: false

  /client-only@0.0.1:
    resolution: {integrity: sha512-IV3Ou0jSMzZrd3pZ48nLkT9DA7Ag1pnPzaiQhpW7c3RbcqqzvzzVu+L8gfqMp/8IM2MQtSiqaCxrrcfu8I8rMA==}
    dev: false

  /csstype@3.1.3:
    resolution: {integrity: sha512-M1uQkMl8rQK/szD0LNhtqxIPLpimGm8sOBwU7lLnCpSbTyY3yeU1Vc7l4KT5zT4s/yOxHH5O7tIuuLOCnLADRw==}
    dev: true

  /debug@4.3.4:
    resolution: {integrity: sha512-PRWFHuSU3eDtQJPvnNY7Jcket1j0t5OuOsFzPPzsekD52Zl8qUfFIPEiswXqIvHWGVHOgX+7G/vCNNhehwxfkQ==}
    engines: {node: '>=6.0'}
    peerDependencies:
      supports-color: '*'
    peerDependenciesMeta:
      supports-color:
        optional: true
    dependencies:
      ms: 2.1.2
    dev: false

  /function-bind@1.1.2:
    resolution: {integrity: sha512-7XHNxH7qX9xG5mIwxkhumTox/MIRNcOgDrxWsMt2pAr23WHp6MrRlN7FBSFpCpr+oVO0F744iUgR82nJMfG2SA==}
    dev: false

  /graceful-fs@4.2.11:
    resolution: {integrity: sha512-RbJ5/jmFcNNCcDV5o9eTnBLJ/HszWV0P73bc+Ff4nS/rJj+YaS6IGyiOL0VoBYX+l1Wrl3k63h/KrH+nhJ0XvQ==}
    dev: false

  /hasown@2.0.2:
    resolution: {integrity: sha512-0hJU9SCPvmMzIBdZFqNPXWa6dqh7WdH0cII9y+CyS8rG3nL48Bclra9HmKhVVUHyPWNH5Y7xDwAB7bfgSjkUMQ==}
    engines: {node: '>= 0.4'}
    dependencies:
      function-bind: 1.1.2
    dev: false

  /import-in-the-middle@1.7.1:
    resolution: {integrity: sha512-1LrZPDtW+atAxH42S6288qyDFNQ2YCty+2mxEPRtfazH6Z5QwkaBSTS2ods7hnVJioF6rkRfNoA6A/MstpFXLg==}
    dependencies:
      acorn: 8.11.3
      acorn-import-assertions: 1.9.0(acorn@8.11.3)
      cjs-module-lexer: 1.2.3
      module-details-from-path: 1.0.3
    dev: false

  /is-core-module@2.13.1:
    resolution: {integrity: sha512-hHrIjvZsftOsvKSn2TRYl63zvxsgE0K+0mYMoH6gD4omR5IWB2KynivBQczo3+wF1cCkjzvptnI9Q0sPU66ilw==}
    dependencies:
      hasown: 2.0.2
    dev: false

  /js-tokens@4.0.0:
    resolution: {integrity: sha512-RdJUflcE3cUzKiMqQgsCu06FPu9UdIJO0beYbPhHN4k6apgJtifcoCtT9bcxOpYBtpD2kCM6Sbzg4CausW/PKQ==}
    dev: false

  /lodash.merge@4.6.2:
    resolution: {integrity: sha512-0KpjqXRVvrYyCsX1swR/XTK0va6VQkQM6MNo7PqW77ByjAhoARA8EfrP1N4+KlKj8YS0ZUCtRT/YUuhyYDujIQ==}
    dev: false

  /loose-envify@1.4.0:
    resolution: {integrity: sha512-lyuxPGr/Wfhrlem2CL/UcnUc1zcqKAImBDzukY7Y5F/yQiNdko6+fRLevlw1HgMySw7f611UIY408EtxRSoK3Q==}
    hasBin: true
    dependencies:
      js-tokens: 4.0.0
    dev: false

  /lru-cache@6.0.0:
    resolution: {integrity: sha512-Jo6dJ04CmSjuznwJSS3pUeWmd/H0ffTlkXXgwZi+eq1UCmqQwCh+eLsYOYCwY991i2Fah4h1BEMCx4qThGbsiA==}
    engines: {node: '>=10'}
    dependencies:
      yallist: 4.0.0
    dev: false

  /module-details-from-path@1.0.3:
    resolution: {integrity: sha512-ySViT69/76t8VhE1xXHK6Ch4NcDd26gx0MzKXLO+F7NOtnqH68d9zF94nT8ZWSxXh8ELOERsnJO/sWt1xZYw5A==}
    dev: false

  /ms@2.1.2:
    resolution: {integrity: sha512-sGkPx+VjMtmA6MX27oA4FBFELFCZZ4S4XqeGOXCv68tT+jb3vk/RyaKWP0PTKyWtmLSM0b+adUTEvbs1PEaH2w==}
    dev: false

  /nanoid@3.3.7:
    resolution: {integrity: sha512-eSRppjcPIatRIMC1U6UngP8XFcz8MQWGQdt1MTBQ7NaAmvXDfvNxbvWV3x2y6CdEUciCSsDHDQZbhYaB8QEo2g==}
    engines: {node: ^10 || ^12 || ^13.7 || ^14 || >=15.0.1}
    hasBin: true
    dev: false

  /next@14.2.0-canary.31(@opentelemetry/api@1.8.0)(react-dom@18.2.0)(react@18.2.0):
    resolution: {integrity: sha512-aKls3+4raMbu8ex6YDuQFa8U4ajKojXpn8GvdlFtgNUyBHJ7IrVuaFJw6rU9s9OibfgpFnAbsmvKzYQmAAjmlg==}
    engines: {node: '>=18.17.0'}
    hasBin: true
    peerDependencies:
      '@opentelemetry/api': ^1.1.0
      react: ^18.2.0
      react-dom: ^18.2.0
      sass: ^1.3.0
    peerDependenciesMeta:
      '@opentelemetry/api':
        optional: true
      sass:
        optional: true
    dependencies:
      '@next/env': 14.2.0-canary.31
      '@opentelemetry/api': 1.8.0
      '@swc/helpers': 0.5.5
      busboy: 1.6.0
      caniuse-lite: 1.0.30001599
      graceful-fs: 4.2.11
      postcss: 8.4.31
      react: 18.2.0
      react-dom: 18.2.0(react@18.2.0)
      styled-jsx: 5.1.1(react@18.2.0)
    optionalDependencies:
      '@next/swc-darwin-arm64': 14.2.0-canary.31
      '@next/swc-darwin-x64': 14.2.0-canary.31
      '@next/swc-linux-arm64-gnu': 14.2.0-canary.31
      '@next/swc-linux-arm64-musl': 14.2.0-canary.31
      '@next/swc-linux-x64-gnu': 14.2.0-canary.31
      '@next/swc-linux-x64-musl': 14.2.0-canary.31
      '@next/swc-win32-arm64-msvc': 14.2.0-canary.31
      '@next/swc-win32-ia32-msvc': 14.2.0-canary.31
      '@next/swc-win32-x64-msvc': 14.2.0-canary.31
    transitivePeerDependencies:
      - '@babel/core'
      - babel-plugin-macros
    dev: false

  /path-parse@1.0.7:
    resolution: {integrity: sha512-LDJzPVEEEPR+y48z93A0Ed0yXb8pAByGWo/k5YYdYgpY2/2EsOsksJrq7lOHxryrVOn1ejG6oAp8ahvOIQD8sw==}
    dev: false

  /picocolors@1.0.0:
    resolution: {integrity: sha512-1fygroTLlHu66zi26VoTDv8yRgm0Fccecssto+MhsZ0D/DGW2sm8E8AjW7NU5VVTRt5GxbeZ5qBuJr+HyLYkjQ==}
    dev: false

  /postcss@8.4.31:
    resolution: {integrity: sha512-PS08Iboia9mts/2ygV3eLpY5ghnUcfLV/EXTOW1E2qYxJKGGBUtNjN76FYHnMs36RmARn41bC0AZmn+rR0OVpQ==}
    engines: {node: ^10 || ^12 || >=14}
    dependencies:
      nanoid: 3.3.7
      picocolors: 1.0.0
      source-map-js: 1.2.0
    dev: false

  /react-dom@18.2.0(react@18.2.0):
    resolution: {integrity: sha512-6IMTriUmvsjHUjNtEDudZfuDQUoWXVxKHhlEGSk81n4YFS+r/Kl99wXiwlVXtPBtJenozv2P+hxDsw9eA7Xo6g==}
    peerDependencies:
      react: ^18.2.0
    dependencies:
      loose-envify: 1.4.0
      react: 18.2.0
      scheduler: 0.23.0
    dev: false

  /react@18.2.0:
    resolution: {integrity: sha512-/3IjMdb2L9QbBdWiW5e3P2/npwMBaU9mHCSCUzNln0ZCYbcfTsGbTJrU/kGemdH2IWmB2ioZ+zkxtmq6g09fGQ==}
    engines: {node: '>=0.10.0'}
    dependencies:
      loose-envify: 1.4.0
    dev: false

  /require-in-the-middle@7.2.1:
    resolution: {integrity: sha512-u5XngygsJ+XV2dBV/Pl4SrcNpUXQfmYmXtuFeHDXfzk4i4NnGnret6xKWkkJHjMHS/16yMV9pEAlAunqmjllkA==}
    engines: {node: '>=8.6.0'}
    dependencies:
      debug: 4.3.4
      module-details-from-path: 1.0.3
      resolve: 1.22.8
    transitivePeerDependencies:
      - supports-color
    dev: false

  /resolve@1.22.8:
    resolution: {integrity: sha512-oKWePCxqpd6FlLvGV1VU0x7bkPmmCNolxzjMf4NczoDnQcIWrAF+cPtZn5i6n+RfD2d9i0tzpKnG6Yk168yIyw==}
    hasBin: true
    dependencies:
      is-core-module: 2.13.1
      path-parse: 1.0.7
      supports-preserve-symlinks-flag: 1.0.0
    dev: false

  /scheduler@0.23.0:
    resolution: {integrity: sha512-CtuThmgHNg7zIZWAXi3AsyIzA3n4xx7aNyjwC2VJldO2LMVDhFK+63xGqq6CsJH4rTAt6/M+N4GhZiDYPx9eUw==}
    dependencies:
      loose-envify: 1.4.0
    dev: false

  /semver@7.6.0:
    resolution: {integrity: sha512-EnwXhrlwXMk9gKu5/flx5sv/an57AkRplG3hTK68W7FRDN+k+OWBj65M7719OkA82XLBxrcX0KSHj+X5COhOVg==}
    engines: {node: '>=10'}
    hasBin: true
    dependencies:
      lru-cache: 6.0.0
    dev: false

  /shimmer@1.2.1:
    resolution: {integrity: sha512-sQTKC1Re/rM6XyFM6fIAGHRPVGvyXfgzIDvzoq608vM+jeyVD0Tu1E6Np0Kc2zAIFWIj963V2800iF/9LPieQw==}
    dev: false

  /source-map-js@1.2.0:
    resolution: {integrity: sha512-itJW8lvSA0TXEphiRoawsCksnlf8SyvmFzIhltqAHluXd88pkCd+cXJVHTDwdCr0IzwptSm035IHQktUu1QUMg==}
    engines: {node: '>=0.10.0'}
    dev: false

  /streamsearch@1.1.0:
    resolution: {integrity: sha512-Mcc5wHehp9aXz1ax6bZUyY5afg9u2rv5cqQI3mRrYkGC8rW2hM02jWuwjtL++LS5qinSyhj2QfLyNsuc+VsExg==}
    engines: {node: '>=10.0.0'}
    dev: false

  /styled-jsx@5.1.1(react@18.2.0):
    resolution: {integrity: sha512-pW7uC1l4mBZ8ugbiZrcIsiIvVx1UmTfw7UkC3Um2tmfUq9Bhk8IiyEIPl6F8agHgjzku6j0xQEZbfA5uSgSaCw==}
    engines: {node: '>= 12.0.0'}
    peerDependencies:
      '@babel/core': '*'
      babel-plugin-macros: '*'
      react: '>= 16.8.0 || 17.x.x || ^18.0.0-0'
    peerDependenciesMeta:
      '@babel/core':
        optional: true
      babel-plugin-macros:
        optional: true
    dependencies:
      client-only: 0.0.1
      react: 18.2.0
    dev: false

  /supports-preserve-symlinks-flag@1.0.0:
    resolution: {integrity: sha512-ot0WnXS9fgdkgIcePe6RHNk1WA8+muPa6cSjeR3V8K27q9BB1rTE3R1p7Hv0z1ZyAc8s6Vvv8DIyWf681MAt0w==}
    engines: {node: '>= 0.4'}
    dev: false

  /tslib@2.6.2:
    resolution: {integrity: sha512-AEYxH93jGFPn/a2iVAwW87VuUIkR1FVUKB77NwMF7nBTDkDrrT/Hpt/IrCJ0QXhW27jTBDcf5ZY7w6RiqTMw2Q==}
    dev: false

  /typescript@5.1.3:
    resolution: {integrity: sha512-XH627E9vkeqhlZFQuL+UsyAXEnibT0kWR2FWONlr4sTjvxyJYnyefgrkyECLzM5NenmKzRAy2rR/OlYLA1HkZw==}
    engines: {node: '>=14.17'}
    hasBin: true
    dev: true

  /yallist@4.0.0:
    resolution: {integrity: sha512-3wdGidZyq5PB084XLES5TpOSRA3wjXAlIWMhum2kRcv/41Sn2emQ0dycQW4uZXLejwKvg6EsvbdlVL+FYEct7A==}
    dev: false
